
Microsoft Visual Studio Solution File, Format Version 12.00
# Visual Studio Version 17
VisualStudioVersion = 17.9.34728.123
MinimumVisualStudioVersion = 10.0.40219.1
Project("{FAE04EC0-301F-11D3-BF4B-00C04F79EFBC}") = "simple-calculator", "simple-calculator\simple-calculator.csproj", "{AD4BB038-F353-4D58-81BE-BFB3BCC906DD}"
EndProject
Project("{FAE04EC0-301F-11D3-BF4B-00C04F79EFBC}") = "ConsoleApp1", "..\text-clone\ConsoleApp1\ConsoleApp1.csproj", "{205B84AD-E7CB-446D-A000-04051ADC911F}"
EndProject
Global
	GlobalSection(SolutionConfigurationPlatforms) = preSolution
		Debug|Any CPU = Debug|Any CPU
		Release|Any CPU = Release|Any CPU
	EndGlobalSection
	GlobalSection(ProjectConfigurationPlatforms) = postSolution
		{AD4BB038-F353-4D58-81BE-BFB3BCC906DD}.Debug|Any CPU.ActiveCfg = Debug|Any CPU
		{AD4BB038-F353-4D58-81BE-BFB3BCC906DD}.Debug|Any CPU.Build.0 = Debug|Any CPU
		{AD4BB038-F353-4D58-81BE-BFB3BCC906DD}.Release|Any CPU.ActiveCfg = Release|Any CPU
		{AD4BB038-F353-4D58-81BE-BFB3BCC906DD}.Release|Any CPU.Build.0 = Release|Any CPU
		{205B84AD-E7CB-446D-A000-04051ADC911F}.Debug|Any CPU.ActiveCfg = Debug|Any CPU
		{205B84AD-E7CB-446D-A000-04051ADC911F}.Debug|Any CPU.Build.0 = Debug|Any CPU
		{205B84AD-E7CB-446D-A000-04051ADC911F}.Release|Any CPU.ActiveCfg = Release|Any CPU
		{205B84AD-E7CB-446D-A000-04051ADC911F}.Release|Any CPU.Build.0 = Release|Any CPU
	EndGlobalSection
	GlobalSection(SolutionProperties) = preSolution
		HideSolutionNode = FALSE
	EndGlobalSection
	GlobalSection(ExtensibilityGlobals) = postSolution
		SolutionGuid = {94F907D0-03D2-4E42-9BB9-22ECD27A7F07}
	EndGlobalSection
EndGlobal
